
Microsoft Visual Studio Solution File, Format Version 12.00
# Visual Studio Version 17
VisualStudioVersion = 17.13.35919.96 d17.13
MinimumVisualStudioVersion = 10.0.40219.1
Project("{FAE04EC0-301F-11D3-BF4B-00C04F79EFBC}") = "TinyArcade.API", "TinyArcade.API\TinyArcade.API.csproj", "{867CF049-8F14-403B-99B8-584EBB7B9DB9}"
EndProject
Global
	GlobalSection(SolutionConfigurationPlatforms) = preSolution
		Debug|Any CPU = Debug|Any CPU
		Release|Any CPU = Release|Any CPU
	EndGlobalSection
	GlobalSection(ProjectConfigurationPlatforms) = postSolution
		{867CF049-8F14-403B-99B8-584EBB7B9DB9}.Debug|Any CPU.ActiveCfg = Debug|Any CPU
		{867CF049-8F14-403B-99B8-584EBB7B9DB9}.Debug|Any CPU.Build.0 = Debug|Any CPU
		{867CF049-8F14-403B-99B8-584EBB7B9DB9}.Release|Any CPU.ActiveCfg = Release|Any CPU
		{867CF049-8F14-403B-99B8-584EBB7B9DB9}.Release|Any CPU.Build.0 = Release|Any CPU
	EndGlobalSection
	GlobalSection(SolutionProperties) = preSolution
		HideSolutionNode = FALSE
	EndGlobalSection
	GlobalSection(ExtensibilityGlobals) = postSolution
		SolutionGuid = {296FADB9-C5CE-4441-85BB-4CAF14F9D6D4}
	EndGlobalSection
EndGlobal
